
Microsoft Visual Studio Solution File, Format Version 12.00
# Visual Studio Version 17
VisualStudioVersion = 17.2.32616.157
MinimumVisualStudioVersion = 10.0.40219.1
Project("{9A19103F-16F7-4668-BE54-9A1E7A4F7556}") = "PerfObserver", "PerfObserver.csproj", "{B4D95A98-D8EE-436D-A308-9CFA9D8A96A5}"
EndProject
Project("{2150E333-8FDC-42A3-9474-1A3956D46DE8}") = "Solution Items", "Solution Items", "{9C3EA1B3-3766-4423-924A-9A39ED915700}"
	ProjectSection(SolutionItems) = preProject
		.editorconfig = .editorconfig
	EndProjectSection
EndProject
Project("{9A19103F-16F7-4668-BE54-9A1E7A4F7556}") = "TestMethodsLibrary", "..\TestMethodsLibrary\TestMethodsLibrary.csproj", "{EC36369E-DEC6-4ABB-AF85-EFDD697ED0C0}"
EndProject
Project("{9A19103F-16F7-4668-BE54-9A1E7A4F7556}") = "XLSXUTILS", "..\XLSXUTILS\XLSXUTILS.csproj", "{E9B0794C-0D48-471C-BD15-564755052856}"
EndProject
Project("{FAE04EC0-301F-11D3-BF4B-00C04F79EFBC}") = "QuickChartUtils", "..\QuickChartUtils\QuickChartUtils.csproj", "{1C52BEEE-2C89-4FF1-A479-CA08135C633E}"
EndProject
Global
	GlobalSection(SolutionConfigurationPlatforms) = preSolution
		Debug|Any CPU = Debug|Any CPU
		Release|Any CPU = Release|Any CPU
	EndGlobalSection
	GlobalSection(ProjectConfigurationPlatforms) = postSolution
		{B4D95A98-D8EE-436D-A308-9CFA9D8A96A5}.Debug|Any CPU.ActiveCfg = Debug|Any CPU
		{B4D95A98-D8EE-436D-A308-9CFA9D8A96A5}.Debug|Any CPU.Build.0 = Debug|Any CPU
		{B4D95A98-D8EE-436D-A308-9CFA9D8A96A5}.Release|Any CPU.ActiveCfg = Release|Any CPU
		{B4D95A98-D8EE-436D-A308-9CFA9D8A96A5}.Release|Any CPU.Build.0 = Release|Any CPU
		{EC36369E-DEC6-4ABB-AF85-EFDD697ED0C0}.Debug|Any CPU.ActiveCfg = Debug|Any CPU
		{EC36369E-DEC6-4ABB-AF85-EFDD697ED0C0}.Debug|Any CPU.Build.0 = Debug|Any CPU
		{EC36369E-DEC6-4ABB-AF85-EFDD697ED0C0}.Release|Any CPU.ActiveCfg = Release|Any CPU
		{EC36369E-DEC6-4ABB-AF85-EFDD697ED0C0}.Release|Any CPU.Build.0 = Release|Any CPU
		{E9B0794C-0D48-471C-BD15-564755052856}.Debug|Any CPU.ActiveCfg = Debug|Any CPU
		{E9B0794C-0D48-471C-BD15-564755052856}.Debug|Any CPU.Build.0 = Debug|Any CPU
		{E9B0794C-0D48-471C-BD15-564755052856}.Release|Any CPU.ActiveCfg = Release|Any CPU
		{E9B0794C-0D48-471C-BD15-564755052856}.Release|Any CPU.Build.0 = Release|Any CPU
		{1C52BEEE-2C89-4FF1-A479-CA08135C633E}.Debug|Any CPU.ActiveCfg = Debug|Any CPU
		{1C52BEEE-2C89-4FF1-A479-CA08135C633E}.Debug|Any CPU.Build.0 = Debug|Any CPU
		{1C52BEEE-2C89-4FF1-A479-CA08135C633E}.Release|Any CPU.ActiveCfg = Release|Any CPU
		{1C52BEEE-2C89-4FF1-A479-CA08135C633E}.Release|Any CPU.Build.0 = Release|Any CPU
	EndGlobalSection
	GlobalSection(SolutionProperties) = preSolution
		HideSolutionNode = FALSE
	EndGlobalSection
	GlobalSection(ExtensibilityGlobals) = postSolution
		SolutionGuid = {092F185C-DC39-4283-837D-192211AB996D}
	EndGlobalSection
EndGlobal
